{
  "name": "llm-reader",
  "lockfileVersion": 3,
  "requires": true,
  "packages": {
    "": {
      "dependencies": {
        "picnic-api": "^3.1.2"
      }
    },
    "node_modules/picnic-api": {
      "version": "3.1.2",
      "resolved": "https://registry.npmjs.org/picnic-api/-/picnic-api-3.1.2.tgz",
      "integrity": "sha512-NjiV8s/+0KPkA+7FuI3xI3NibHvjm3/AYFxUjGjGgJRy003p7Y0VOKDIyOrXAK7ZPvFVmfsvF9r+KxWegA/ovw==",
      "license": "MIT"
    }
  }
}
